
Microsoft Visual Studio Solution File, Format Version 11.00
# Visual Studio 2010
Project("{FAE04EC0-301F-11D3-BF4B-00C04F79EFBC}") = "SimpleToDo", "SimpleToDo\SimpleToDo.csproj", "{83E71B0D-37D3-4601-B7E2-552F734D7AC2}"
EndProject
Project("{2150E333-8FDC-42A3-9474-1A3956D46DE8}") = ".nuget", ".nuget", "{57E27746-5E36-471E-9D09-1D0D7EAB3E08}"
	ProjectSection(SolutionItems) = preProject
		.nuget\NuGet.Config = .nuget\NuGet.Config
		.nuget\NuGet.exe = .nuget\NuGet.exe
		.nuget\NuGet.targets = .nuget\NuGet.targets
	EndProjectSection
EndProject
Global
	GlobalSection(SolutionConfigurationPlatforms) = preSolution
		Debug|x86 = Debug|x86
		Release|x86 = Release|x86
	EndGlobalSection
	GlobalSection(ProjectConfigurationPlatforms) = postSolution
		{83E71B0D-37D3-4601-B7E2-552F734D7AC2}.Debug|x86.ActiveCfg = Debug|x86
		{83E71B0D-37D3-4601-B7E2-552F734D7AC2}.Debug|x86.Build.0 = Debug|x86
		{83E71B0D-37D3-4601-B7E2-552F734D7AC2}.Release|x86.ActiveCfg = Release|x86
		{83E71B0D-37D3-4601-B7E2-552F734D7AC2}.Release|x86.Build.0 = Release|x86
	EndGlobalSection
	GlobalSection(SolutionProperties) = preSolution
		HideSolutionNode = FALSE
	EndGlobalSection
EndGlobal
